<?xml version="1.0" encoding="utf-8"?>
<Project ToolsVersion="4.0" xmlns="http://schemas.microsoft.com/developer/msbuild/2003">
  <ItemGroup>
    <Filter Include="Source Files">
      <UniqueIdentifier>{4FC737F1-C7A5-4376-A066-2A32D752A2FF}</UniqueIdentifier>
      <Extensions>cpp;c;cc;cxx;def;odl;idl;hpj;bat;asm;asmx</Extensions>
    </Filter>
    <Filter Include="Header Files">
      <UniqueIdentifier>{93995380-89BD-4b04-88EB-625FBE52EBFB}</UniqueIdentifier>
      <Extensions>h;hh;hpp;hxx;hm;inl;inc;xsd</Extensions>
    </Filter>
    <Filter Include="Resource Files">
      <UniqueIdentifier>{67DA6AB6-F800-4c08-8B7A-83BB121AAD01}</UniqueIdentifier>
      <Extensions>rc;ico;cur;bmp;dlg;rc2;rct;bin;rgs;gif;jpg;jpeg;jpe;resx;tiff;tif;png;wav;mfcribbon-ms</Extensions>
    </Filter>
    <Filter Include="Header Files\Framework">
      <UniqueIdentifier>{f33c884b-3273-4f3e-981e-79211fc790ef}</UniqueIdentifier>
    </Filter>
    <Filter Include="Header Files\Sandboxes">
      <UniqueIdentifier>{a2dff545-be80-4f79-8cc2-0aea9514e5e3}</UniqueIdentifier>
    </Filter>
    <Filter Include="Source Files\Framework">
      <UniqueIdentifier>{392d5f7a-7d7c-4ba8-b242-fed9b65bf604}</UniqueIdentifier>
    </Filter>
    <Filter Include="Source Files\Sandboxes">
      <UniqueIdentifier>{b3cb68d2-0510-4910-92ad-2b93a35bd552}</UniqueIdentifier>
    </Filter>
  </ItemGroup>
  <ItemGroup>
    <ClInclude Include="ChiliException.h">
      <Filter>Header Files\Framework</Filter>
    </ClInclude>
    <ClInclude Include="ChiliMath.h">
      <Filter>Header Files\Framework</Filter>
    </ClInclude>
    <ClInclude Include="ChiliWin.h">
      <Filter>Header Files\Framework</Filter>
    </ClInclude>
    <ClInclude Include="Colors.h">
      <Filter>Header Files\Framework</Filter>
    </ClInclude>
    <ClInclude Include="COMInitializer.h">
      <Filter>Header Files\Framework</Filter>
    </ClInclude>
    <ClInclude Include="DXErr.h">
      <Filter>Header Files\Framework</Filter>
    </ClInclude>
    <ClInclude Include="FrameTimer.h">
      <Filter>Header Files\Framework</Filter>
    </ClInclude>
    <ClInclude Include="Game.h">
      <Filter>Header Files\Framework</Filter>
    </ClInclude>
    <ClInclude Include="Graphics.h">
      <Filter>Header Files\Framework</Filter>
    </ClInclude>
    <ClInclude Include="Keyboard.h">
      <Filter>Header Files\Framework</Filter>
    </ClInclude>
    <ClInclude Include="MainWindow.h">
      <Filter>Header Files\Framework</Filter>
    </ClInclude>
    <ClInclude Include="Mouse.h">
      <Filter>Header Files\Framework</Filter>
    </ClInclude>
    <ClInclude Include="Resource.h">
      <Filter>Header Files\Framework</Filter>
    </ClInclude>
    <ClInclude Include="Sound.h">
      <Filter>Header Files\Framework</Filter>
    </ClInclude>
    <ClInclude Include="SoundEffect.h">
      <Filter>Header Files\Framework</Filter>
    </ClInclude>
    <ClInclude Include="Sprite.h">
      <Filter>Header Files\Framework</Filter>
    </ClInclude>
    <ClInclude Include="TextureCodex.h">
      <Filter>Header Files\Framework</Filter>
    </ClInclude>
    <ClInclude Include="Scene_Chili.h">
      <Filter>Header Files\Sandboxes</Filter>
    </ClInclude>
    <ClInclude Include="Rect.h">
      <Filter>Header Files</Filter>
    </ClInclude>
    <ClInclude Include="PooYo.h">
      <Filter>Header Files</Filter>
    </ClInclude>
    <ClInclude Include="Vec2.h">
      <Filter>Header Files</Filter>
    </ClInclude>
    <ClInclude Include="Piece.h">
      <Filter>Header Files</Filter>
    </ClInclude>
    <ClInclude Include="Board.h">
      <Filter>Header Files</Filter>
    </ClInclude>
  </ItemGroup>
  <ItemGroup>
    <ClCompile Include="COMInitializer.cpp">
      <Filter>Source Files\Framework</Filter>
    </ClCompile>
    <ClCompile Include="DXErr.cpp">
      <Filter>Source Files\Framework</Filter>
    </ClCompile>
    <ClCompile Include="FrameTimer.cpp">
      <Filter>Source Files\Framework</Filter>
    </ClCompile>
    <ClCompile Include="Game.cpp">
      <Filter>Source Files\Framework</Filter>
    </ClCompile>
    <ClCompile Include="Graphics.cpp">
      <Filter>Source Files\Framework</Filter>
    </ClCompile>
    <ClCompile Include="Keyboard.cpp">
      <Filter>Source Files\Framework</Filter>
    </ClCompile>
    <ClCompile Include="Main.cpp">
      <Filter>Source Files\Framework</Filter>
    </ClCompile>
    <ClCompile Include="MainWindow.cpp">
      <Filter>Source Files\Framework</Filter>
    </ClCompile>
    <ClCompile Include="Mouse.cpp">
      <Filter>Source Files\Framework</Filter>
    </ClCompile>
    <ClCompile Include="Sound.cpp">
      <Filter>Source Files\Framework</Filter>
    </ClCompile>
    <ClCompile Include="TextureCodex.cpp">
      <Filter>Source Files\Framework</Filter>
    </ClCompile>
    <ClCompile Include="Scene_Chili.cpp">
      <Filter>Source Files\Sandboxes</Filter>
    </ClCompile>
    <ClCompile Include="PooYo.cpp">
      <Filter>Source Files</Filter>
    </ClCompile>
    <ClCompile Include="Piece.cpp">
      <Filter>Source Files</Filter>
    </ClCompile>
    <ClCompile Include="Board.cpp">
      <Filter>Source Files</Filter>
    </ClCompile>
  </ItemGroup>
  <ItemGroup>
    <ResourceCompile Include="Resource.rc">
      <Filter>Resource Files</Filter>
    </ResourceCompile>
  </ItemGroup>
  <ItemGroup>
    <Image Include="Chili.ico">
      <Filter>Resource Files</Filter>
    </Image>
  </ItemGroup>
  <ItemGroup>
    <None Include="packages.config" />
  </ItemGroup>
</Project>